// !$*UTF8*$!
{
	archiveVersion = 1;
	classes = {
	};
	objectVersion = 77;
	objects = {

/* Begin PBXContainerItemProxy section */
		778514E12E2E6378003924C4 /* PBXContainerItemProxy */ = {
			isa = PBXContainerItemProxy;
			containerPortal = 778514CB2E2E6375003924C4 /* Project object */;
			proxyType = 1;
			remoteGlobalIDString = 778514D22E2E6375003924C4;
			remoteInfo = "Vocab Punk";
		};
		778514EB2E2E6378003924C4 /* PBXContainerItemProxy */ = {
			isa = PBXContainerItemProxy;
			containerPortal = 778514CB2E2E6375003924C4 /* Project object */;
			proxyType = 1;
			remoteGlobalIDString = 778514D22E2E6375003924C4;
			remoteInfo = "Vocab Punk";
		};
/* End PBXContainerItemProxy section */

/* Begin PBXFileReference section */
		778514D32E2E6375003924C4 /* Vocab Punk.app */ = {isa = PBXFileReference; explicitFileType = wrapper.application; includeInIndex = 0; path = "Vocab Punk.app"; sourceTree = BUILT_PRODUCTS_DIR; };
		778514E02E2E6378003924C4 /* Vocab PunkTests.xctest */ = {isa = PBXFileReference; explicitFileType = wrapper.cfbundle; includeInIndex = 0; path = "Vocab PunkTests.xctest"; sourceTree = BUILT_PRODUCTS_DIR; };
		778514EA2E2E6378003924C4 /* Vocab PunkUITests.xctest */ = {isa = PBXFileReference; explicitFileType = wrapper.cfbundle; includeInIndex = 0; path = "Vocab PunkUITests.xctest"; sourceTree = BUILT_PRODUCTS_DIR; };
/* End PBXFileReference section */

/* Begin PBXFileSystemSynchronizedRootGroup section */
		778514D52E2E6375003924C4 /* Vocab Punk */ = {
			isa = PBXFileSystemSynchronizedRootGroup;
			path = "Vocab Punk";
			sourceTree = "<group>";
		};
		778514E32E2E6378003924C4 /* Vocab PunkTests */ = {
			isa = PBXFileSystemSynchronizedRootGroup;
			path = "Vocab PunkTests";
			sourceTree = "<group>";
		};
		778514ED2E2E6378003924C4 /* Vocab PunkUITests */ = {
			isa = PBXFileSystemSynchronizedRootGroup;
			path = "Vocab PunkUITests";
			sourceTree = "<group>";
		};
/* End PBXFileSystemSynchronizedRootGroup section */

/* Begin PBXFrameworksBuildPhase section */
		778514D02E2E6375003924C4 /* Frameworks */ = {
			isa = PBXFrameworksBuildPhase;
			buildActionMask = 2147483647;
			files = (
			);
			runOnlyForDeploymentPostprocessing = 0;
		};
		778514DD2E2E6378003924C4 /* Frameworks */ = {
			isa = PBXFrameworksBuildPhase;
			buildActionMask = 2147483647;
			files = (
			);
			runOnlyForDeploymentPostprocessing = 0;
		};
		778514E72E2E6378003924C4 /* Frameworks */ = {
			isa = PBXFrameworksBuildPhase;
			buildActionMask = 2147483647;
			files = (
			);
			runOnlyForDeploymentPostprocessing = 0;
		};
/* End PBXFrameworksBuildPhase section */

/* Begin PBXGroup section */
		778514CA2E2E6374003924C4 = {
			isa = PBXGroup;
			children = (
				778514D52E2E6375003924C4 /* Vocab Punk */,
				778514E32E2E6378003924C4 /* Vocab PunkTests */,
				778514ED2E2E6378003924C4 /* Vocab PunkUITests */,
				778514D42E2E6375003924C4 /* Products */,
			);
			sourceTree = "<group>";
		};
		778514D42E2E6375003924C4 /* Products */ = {
			isa = PBXGroup;
			children = (
				778514D32E2E6375003924C4 /* Vocab Punk.app */,
				778514E02E2E6378003924C4 /* Vocab PunkTests.xctest */,
				778514EA2E2E6378003924C4 /* Vocab PunkUITests.xctest */,
			);
			name = Products;
			sourceTree = "<group>";
		};
/* End PBXGroup section */

/* Begin PBXNativeTarget section */
		778514D22E2E6375003924C4 /* Vocab Punk */ = {
			isa = PBXNativeTarget;
			buildConfigurationList = 778514F42E2E6378003924C4 /* Build configuration list for PBXNativeTarget "Vocab Punk" */;
			buildPhases = (
				778514CF2E2E6375003924C4 /* Sources */,
				778514D02E2E6375003924C4 /* Frameworks */,
				778514D12E2E6375003924C4 /* Resources */,
			);
			buildRules = (
			);
			dependencies = (
			);
			fileSystemSynchronizedGroups = (
				778514D52E2E6375003924C4 /* Vocab Punk */,
			);
			name = "Vocab Punk";
			packageProductDependencies = (
			);
			productName = "Vocab Punk";
			productReference = 778514D32E2E6375003924C4 /* Vocab Punk.app */;
			productType = "com.apple.product-type.application";
		};
		778514DF2E2E6378003924C4 /* Vocab PunkTests */ = {
			isa = PBXNativeTarget;
			buildConfigurationList = 778514F72E2E6378003924C4 /* Build configuration list for PBXNativeTarget "Vocab PunkTests" */;
			buildPhases = (
				778514DC2E2E6378003924C4 /* Sources */,
				778514DD2E2E6378003924C4 /* Frameworks */,
				778514DE2E2E6378003924C4 /* Resources */,
			);
			buildRules = (
			);
			dependencies = (
				778514E22E2E6378003924C4 /* PBXTargetDependency */,
			);
			fileSystemSynchronizedGroups = (
				778514E32E2E6378003924C4 /* Vocab PunkTests */,
			);
			name = "Vocab PunkTests";
			packageProductDependencies = (
			);
			productName = "Vocab PunkTests";
			productReference = 778514E02E2E6378003924C4 /* Vocab PunkTests.xctest */;
			productType = "com.apple.product-type.bundle.unit-test";
		};
		778514E92E2E6378003924C4 /* Vocab PunkUITests */ = {
			isa = PBXNativeTarget;
			buildConfigurationList = 778514FA2E2E6378003924C4 /* Build configuration list for PBXNativeTarget "Vocab PunkUITests" */;
			buildPhases = (
				778514E62E2E6378003924C4 /* Sources */,
				778514E72E2E6378003924C4 /* Frameworks */,
				778514E82E2E6378003924C4 /* Resources */,
			);
			buildRules = (
			);
			dependencies = (
				778514EC2E2E6378003924C4 /* PBXTargetDependency */,
			);
			fileSystemSynchronizedGroups = (
				778514ED2E2E6378003924C4 /* Vocab PunkUITests */,
			);
			name = "Vocab PunkUITests";
			packageProductDependencies = (
			);
			productName = "Vocab PunkUITests";
			productReference = 778514EA2E2E6378003924C4 /* Vocab PunkUITests.xctest */;
			productType = "com.apple.product-type.bundle.ui-testing";
		};
/* End PBXNativeTarget section */

/* Begin PBXProject section */
		778514CB2E2E6375003924C4 /* Project object */ = {
			isa = PBXProject;
			attributes = {
				BuildIndependentTargetsInParallel = 1;
				LastSwiftUpdateCheck = 1640;
				LastUpgradeCheck = 1640;
				TargetAttributes = {
					778514D22E2E6375003924C4 = {
						CreatedOnToolsVersion = 16.4;
					};
					778514DF2E2E6378003924C4 = {
						CreatedOnToolsVersion = 16.4;
						TestTargetID = 778514D22E2E6375003924C4;
					};
					778514E92E2E6378003924C4 = {
						CreatedOnToolsVersion = 16.4;
						TestTargetID = 778514D22E2E6375003924C4;
					};
				};
			};
			buildConfigurationList = 778514CE2E2E6375003924C4 /* Build configuration list for PBXProject "Vocab Punk" */;
			developmentRegion = en;
			hasScannedForEncodings = 0;
			knownRegions = (
				en,
				Base,
			);
			mainGroup = 778514CA2E2E6374003924C4;
			minimizedProjectReferenceProxies = 1;
			preferredProjectObjectVersion = 77;
			productRefGroup = 778514D42E2E6375003924C4 /* Products */;
			projectDirPath = "";
			projectRoot = "";
			targets = (
				778514D22E2E6375003924C4 /* Vocab Punk */,
				778514DF2E2E6378003924C4 /* Vocab PunkTests */,
				778514E92E2E6378003924C4 /* Vocab PunkUITests */,
			);
		};
/* End PBXProject section */

/* Begin PBXResourcesBuildPhase section */
		778514D12E2E6375003924C4 /* Resources */ = {
			isa = PBXResourcesBuildPhase;
			buildActionMask = 2147483647;
			files = (
			);
			runOnlyForDeploymentPostprocessing = 0;
		};
		778514DE2E2E6378003924C4 /* Resources */ = {
			isa = PBXResourcesBuildPhase;
			buildActionMask = 2147483647;
			files = (
			);
			runOnlyForDeploymentPostprocessing = 0;
		};
		778514E82E2E6378003924C4 /* Resources */ = {
			isa = PBXResourcesBuildPhase;
			buildActionMask = 2147483647;
			files = (
			);
			runOnlyForDeploymentPostprocessing = 0;
		};
/* End PBXResourcesBuildPhase section */

/* Begin PBXSourcesBuildPhase section */
		778514CF2E2E6375003924C4 /* Sources */ = {
			isa = PBXSourcesBuildPhase;
			buildActionMask = 2147483647;
			files = (
			);
			runOnlyForDeploymentPostprocessing = 0;
		};
		778514DC2E2E6378003924C4 /* Sources */ = {
			isa = PBXSourcesBuildPhase;
			buildActionMask = 2147483647;
			files = (
			);
			runOnlyForDeploymentPostprocessing = 0;
		};
		778514E62E2E6378003924C4 /* Sources */ = {
			isa = PBXSourcesBuildPhase;
			buildActionMask = 2147483647;
			files = (
			);
			runOnlyForDeploymentPostprocessing = 0;
		};
/* End PBXSourcesBuildPhase section */

/* Begin PBXTargetDependency section */
		778514E22E2E6378003924C4 /* PBXTargetDependency */ = {
			isa = PBXTargetDependency;
			target = 778514D22E2E6375003924C4 /* Vocab Punk */;
			targetProxy = 778514E12E2E6378003924C4 /* PBXContainerItemProxy */;
		};
		778514EC2E2E6378003924C4 /* PBXTargetDependency */ = {
			isa = PBXTargetDependency;
			target = 778514D22E2E6375003924C4 /* Vocab Punk */;
			targetProxy = 778514EB2E2E6378003924C4 /* PBXContainerItemProxy */;
		};
/* End PBXTargetDependency section */

/* Begin XCBuildConfiguration section */
		778514F22E2E6378003924C4 /* Debug */ = {
			isa = XCBuildConfiguration;
			buildSettings = {
				ALWAYS_SEARCH_USER_PATHS = NO;
				ASSETCATALOG_COMPILER_GENERATE_SWIFT_ASSET_SYMBOL_EXTENSIONS = YES;
				CLANG_ANALYZER_NONNULL = YES;
				CLANG_ANALYZER_NUMBER_OBJECT_CONVERSION = YES_AGGRESSIVE;
				CLANG_CXX_LANGUAGE_STANDARD = "gnu++20";
				CLANG_ENABLE_MODULES = YES;
				CLANG_ENABLE_OBJC_ARC = YES;
				CLANG_ENABLE_OBJC_WEAK = YES;
				CLANG_WARN_BLOCK_CAPTURE_AUTORELEASING = YES;
				CLANG_WARN_BOOL_CONVERSION = YES;
				CLANG_WARN_COMMA = YES;
				CLANG_WARN_CONSTANT_CONVERSION = YES;
				CLANG_WARN_DEPRECATED_OBJC_IMPLEMENTATIONS = YES;
				CLANG_WARN_DIRECT_OBJC_ISA_USAGE = YES_ERROR;
				CLANG_WARN_DOCUMENTATION_COMMENTS = YES;
				CLANG_WARN_EMPTY_BODY = YES;
				CLANG_WARN_ENUM_CONVERSION = YES;
				CLANG_WARN_INFINITE_RECURSION = YES;
				CLANG_WARN_INT_CONVERSION = YES;
				CLANG_WARN_NON_LITERAL_NULL_CONVERSION = YES;
				CLANG_WARN_OBJC_IMPLICIT_RETAIN_SELF = YES;
				CLANG_WARN_OBJC_LITERAL_CONVERSION = YES;
				CLANG_WARN_OBJC_ROOT_CLASS = YES_ERROR;
				CLANG_WARN_QUOTED_INCLUDE_IN_FRAMEWORK_HEADER = YES;
				CLANG_WARN_RANGE_LOOP_ANALYSIS = YES;
				CLANG_WARN_STRICT_PROTOTYPES = YES;
				CLANG_WARN_SUSPICIOUS_MOVE = YES;
				CLANG_WARN_UNGUARDED_AVAILABILITY = YES_AGGRESSIVE;
				CLANG_WARN_UNREACHABLE_CODE = YES;
				CLANG_WARN__DUPLICATE_METHOD_MATCH = YES;
				COPY_PHASE_STRIP = NO;
				DEBUG_INFORMATION_FORMAT = dwarf;
				ENABLE_STRICT_OBJC_MSGSEND = YES;
				ENABLE_TESTABILITY = YES;
				ENABLE_USER_SCRIPT_SANDBOXING = YES;
				GCC_C_LANGUAGE_STANDARD = gnu17;
				GCC_DYNAMIC_NO_PIC = NO;
				GCC_NO_COMMON_BLOCKS = YES;
				GCC_OPTIMIZATION_LEVEL = 0;
				GCC_PREPROCESSOR_DEFINITIONS = (
					"DEBUG=1",
					"$(inherited)",
				);
				GCC_WARN_64_TO_32_BIT_CONVERSION = YES;
				GCC_WARN_ABOUT_RETURN_TYPE = YES_ERROR;
				GCC_WARN_UNDECLARED_SELECTOR = YES;
				GCC_WARN_UNINITIALIZED_AUTOS = YES_AGGRESSIVE;
				GCC_WARN_UNUSED_FUNCTION = YES;
				GCC_WARN_UNUSED_VARIABLE = YES;
				IPHONEOS_DEPLOYMENT_TARGET = 18.5;
				LOCALIZATION_PREFERS_STRING_CATALOGS = YES;
				MTL_ENABLE_DEBUG_INFO = INCLUDE_SOURCE;
				MTL_FAST_MATH = YES;
				ONLY_ACTIVE_ARCH = YES;
				SDKROOT = iphoneos;
				SWIFT_ACTIVE_COMPILATION_CONDITIONS = "DEBUG $(inherited)";
				SWIFT_OPTIMIZATION_LEVEL = "-Onone";
			};
			name = Debug;
		};
		778514F32E2E6378003924C4 /* Release */ = {
			isa = XCBuildConfiguration;
			buildSettings = {
				ALWAYS_SEARCH_USER_PATHS = NO;
				ASSETCATALOG_COMPILER_GENERATE_SWIFT_ASSET_SYMBOL_EXTENSIONS = YES;
				CLANG_ANALYZER_NONNULL = YES;
				CLANG_ANALYZER_NUMBER_OBJECT_CONVERSION = YES_AGGRESSIVE;
				CLANG_CXX_LANGUAGE_STANDARD = "gnu++20";
				CLANG_ENABLE_MODULES = YES;
				CLANG_ENABLE_OBJC_ARC = YES;
				CLANG_ENABLE_OBJC_WEAK = YES;
				CLANG_WARN_BLOCK_CAPTURE_AUTORELEASING = YES;
				CLANG_WARN_BOOL_CONVERSION = YES;
				CLANG_WARN_COMMA = YES;
				CLANG_WARN_CONSTANT_CONVERSION = YES;
				CLANG_WARN_DEPRECATED_OBJC_IMPLEMENTATIONS = YES;
				CLANG_WARN_DIRECT_OBJC_ISA_USAGE = YES_ERROR;
				CLANG_WARN_DOCUMENTATION_COMMENTS = YES;
				CLANG_WARN_EMPTY_BODY = YES;
				CLANG_WARN_ENUM_CONVERSION = YES;
				CLANG_WARN_INFINITE_RECURSION = YES;
				CLANG_WARN_INT_CONVERSION = YES;
				CLANG_WARN_NON_LITERAL_NULL_CONVERSION = YES;
				CLANG_WARN_OBJC_IMPLICIT_RETAIN_SELF = YES;
				CLANG_WARN_OBJC_LITERAL_CONVERSION = YES;
				CLANG_WARN_OBJC_ROOT_CLASS = YES_ERROR;
				CLANG_WARN_QUOTED_INCLUDE_IN_FRAMEWORK_HEADER = YES;
				CLANG_WARN_RANGE_LOOP_ANALYSIS = YES;
				CLANG_WARN_STRICT_PROTOTYPES = YES;
				CLANG_WARN_SUSPICIOUS_MOVE = YES;
				CLANG_WARN_UNGUARDED_AVAILABILITY = YES_AGGRESSIVE;
				CLANG_WARN_UNREACHABLE_CODE = YES;
				CLANG_WARN__DUPLICATE_METHOD_MATCH = YES;
				COPY_PHASE_STRIP = NO;
				DEBUG_INFORMATION_FORMAT = "dwarf-with-dsym";
				ENABLE_NS_ASSERTIONS = NO;
				ENABLE_STRICT_OBJC_MSGSEND = YES;
				ENABLE_USER_SCRIPT_SANDBOXING = YES;
				GCC_C_LANGUAGE_STANDARD = gnu17;
				GCC_NO_COMMON_BLOCKS = YES;
				GCC_WARN_64_TO_32_BIT_CONVERSION = YES;
				GCC_WARN_ABOUT_RETURN_TYPE = YES_ERROR;
				GCC_WARN_UNDECLARED_SELECTOR = YES;
				GCC_WARN_UNINITIALIZED_AUTOS = YES_AGGRESSIVE;
				GCC_WARN_UNUSED_FUNCTION = YES;
				GCC_WARN_UNUSED_VARIABLE = YES;
				IPHONEOS_DEPLOYMENT_TARGET = 18.5;
				LOCALIZATION_PREFERS_STRING_CATALOGS = YES;
				MTL_ENABLE_DEBUG_INFO = NO;
				MTL_FAST_MATH = YES;
				SDKROOT = iphoneos;
				SWIFT_COMPILATION_MODE = wholemodule;
				VALIDATE_PRODUCT = YES;
			};
			name = Release;
		};
		778514F52E2E6378003924C4 /* Debug */ = {
			isa = XCBuildConfiguration;
			buildSettings = {
				ASSETCATALOG_COMPILER_APPICON_NAME = AppIcon;
				ASSETCATALOG_COMPILER_GLOBAL_ACCENT_COLOR_NAME = AccentColor;
				CODE_SIGN_STYLE = Automatic;
				CURRENT_PROJECT_VERSION = 1;
				DEVELOPMENT_TEAM = 342774267N;
				ENABLE_PREVIEWS = YES;
				GENERATE_INFOPLIST_FILE = YES;
				INFOPLIST_KEY_UIApplicationSceneManifest_Generation = YES;
				INFOPLIST_KEY_UIApplicationSupportsIndirectInputEvents = YES;
				INFOPLIST_KEY_UILaunchScreen_Generation = YES;
				INFOPLIST_KEY_UISupportedInterfaceOrientations_iPad = "UIInterfaceOrientationPortrait UIInterfaceOrientationPortraitUpsideDown UIInterfaceOrientationLandscapeLeft UIInterfaceOrientationLandscapeRight";
				INFOPLIST_KEY_UISupportedInterfaceOrientations_iPhone = "UIInterfaceOrientationPortrait UIInterfaceOrientationLandscapeLeft UIInterfaceOrientationLandscapeRight";
				LD_RUNPATH_SEARCH_PATHS = (
					"$(inherited)",
					"@executable_path/Frameworks",
				);
				MARKETING_VERSION = 1.0;
				PRODUCT_BUNDLE_IDENTIFIER = "com.apcode.Vocab-Punk";
				PRODUCT_NAME = "$(TARGET_NAME)";
				SWIFT_EMIT_LOC_STRINGS = YES;
				SWIFT_VERSION = 5.0;
				TARGETED_DEVICE_FAMILY = "1,2";
			};
			name = Debug;
		};
		778514F62E2E6378003924C4 /* Release */ = {
			isa = XCBuildConfiguration;
			buildSettings = {
				ASSETCATALOG_COMPILER_APPICON_NAME = AppIcon;
				ASSETCATALOG_COMPILER_GLOBAL_ACCENT_COLOR_NAME = AccentColor;
				CODE_SIGN_STYLE = Automatic;
				CURRENT_PROJECT_VERSION = 1;
				DEVELOPMENT_TEAM = 342774267N;
				ENABLE_PREVIEWS = YES;
				GENERATE_INFOPLIST_FILE = YES;
				INFOPLIST_KEY_UIApplicationSceneManifest_Generation = YES;
				INFOPLIST_KEY_UIApplicationSupportsIndirectInputEvents = YES;
				INFOPLIST_KEY_UILaunchScreen_Generation = YES;
				INFOPLIST_KEY_UISupportedInterfaceOrientations_iPad = "UIInterfaceOrientationPortrait UIInterfaceOrientationPortraitUpsideDown UIInterfaceOrientationLandscapeLeft UIInterfaceOrientationLandscapeRight";
				INFOPLIST_KEY_UISupportedInterfaceOrientations_iPhone = "UIInterfaceOrientationPortrait UIInterfaceOrientationLandscapeLeft UIInterfaceOrientationLandscapeRight";
				LD_RUNPATH_SEARCH_PATHS = (
					"$(inherited)",
					"@executable_path/Frameworks",
				);
				MARKETING_VERSION = 1.0;
				PRODUCT_BUNDLE_IDENTIFIER = "com.apcode.Vocab-Punk";
				PRODUCT_NAME = "$(TARGET_NAME)";
				SWIFT_EMIT_LOC_STRINGS = YES;
				SWIFT_VERSION = 5.0;
				TARGETED_DEVICE_FAMILY = "1,2";
			};
			name = Release;
		};
		778514F82E2E6378003924C4 /* Debug */ = {
			isa = XCBuildConfiguration;
			buildSettings = {
				BUNDLE_LOADER = "$(TEST_HOST)";
				CODE_SIGN_STYLE = Automatic;
				CURRENT_PROJECT_VERSION = 1;
				GENERATE_INFOPLIST_FILE = YES;
				IPHONEOS_DEPLOYMENT_TARGET = 18.5;
				MARKETING_VERSION = 1.0;
				PRODUCT_BUNDLE_IDENTIFIER = "com.apcode.Vocab-PunkTests";
				PRODUCT_NAME = "$(TARGET_NAME)";
				SWIFT_EMIT_LOC_STRINGS = NO;
				SWIFT_VERSION = 5.0;
				TARGETED_DEVICE_FAMILY = "1,2";
				TEST_HOST = "$(BUILT_PRODUCTS_DIR)/Vocab Punk.app/$(BUNDLE_EXECUTABLE_FOLDER_PATH)/Vocab Punk";
			};
			name = Debug;
		};
		778514F92E2E6378003924C4 /* Release */ = {
			isa = XCBuildConfiguration;
			buildSettings = {
				BUNDLE_LOADER = "$(TEST_HOST)";
				CODE_SIGN_STYLE = Automatic;
				CURRENT_PROJECT_VERSION = 1;
				GENERATE_INFOPLIST_FILE = YES;
				IPHONEOS_DEPLOYMENT_TARGET = 18.5;
				MARKETING_VERSION = 1.0;
				PRODUCT_BUNDLE_IDENTIFIER = "com.apcode.Vocab-PunkTests";
				PRODUCT_NAME = "$(TARGET_NAME)";
				SWIFT_EMIT_LOC_STRINGS = NO;
				SWIFT_VERSION = 5.0;
				TARGETED_DEVICE_FAMILY = "1,2";
				TEST_HOST = "$(BUILT_PRODUCTS_DIR)/Vocab Punk.app/$(BUNDLE_EXECUTABLE_FOLDER_PATH)/Vocab Punk";
			};
			name = Release;
		};
		778514FB2E2E6378003924C4 /* Debug */ = {
			isa = XCBuildConfiguration;
			buildSettings = {
				CODE_SIGN_STYLE = Automatic;
				CURRENT_PROJECT_VERSION = 1;
				GENERATE_INFOPLIST_FILE = YES;
				MARKETING_VERSION = 1.0;
				PRODUCT_BUNDLE_IDENTIFIER = "com.apcode.Vocab-PunkUITests";
				PRODUCT_NAME = "$(TARGET_NAME)";
				SWIFT_EMIT_LOC_STRINGS = NO;
				SWIFT_VERSION = 5.0;
				TARGETED_DEVICE_FAMILY = "1,2";
				TEST_TARGET_NAME = "Vocab Punk";
			};
			name = Debug;
		};
		778514FC2E2E6378003924C4 /* Release */ = {
			isa = XCBuildConfiguration;
			buildSettings = {
				CODE_SIGN_STYLE = Automatic;
				CURRENT_PROJECT_VERSION = 1;
				GENERATE_INFOPLIST_FILE = YES;
				MARKETING_VERSION = 1.0;
				PRODUCT_BUNDLE_IDENTIFIER = "com.apcode.Vocab-PunkUITests";
				PRODUCT_NAME = "$(TARGET_NAME)";
				SWIFT_EMIT_LOC_STRINGS = NO;
				SWIFT_VERSION = 5.0;
				TARGETED_DEVICE_FAMILY = "1,2";
				TEST_TARGET_NAME = "Vocab Punk";
			};
			name = Release;
		};
/* End XCBuildConfiguration section */

/* Begin XCConfigurationList section */
		778514CE2E2E6375003924C4 /* Build configuration list for PBXProject "Vocab Punk" */ = {
			isa = XCConfigurationList;
			buildConfigurations = (
				778514F22E2E6378003924C4 /* Debug */,
				778514F32E2E6378003924C4 /* Release */,
			);
			defaultConfigurationIsVisible = 0;
			defaultConfigurationName = Release;
		};
		778514F42E2E6378003924C4 /* Build configuration list for PBXNativeTarget "Vocab Punk" */ = {
			isa = XCConfigurationList;
			buildConfigurations = (
				778514F52E2E6378003924C4 /* Debug */,
				778514F62E2E6378003924C4 /* Release */,
			);
			defaultConfigurationIsVisible = 0;
			defaultConfigurationName = Release;
		};
		778514F72E2E6378003924C4 /* Build configuration list for PBXNativeTarget "Vocab PunkTests" */ = {
			isa = XCConfigurationList;
			buildConfigurations = (
				778514F82E2E6378003924C4 /* Debug */,
				778514F92E2E6378003924C4 /* Release */,
			);
			defaultConfigurationIsVisible = 0;
			defaultConfigurationName = Release;
		};
		778514FA2E2E6378003924C4 /* Build configuration list for PBXNativeTarget "Vocab PunkUITests" */ = {
			isa = XCConfigurationList;
			buildConfigurations = (
				778514FB2E2E6378003924C4 /* Debug */,
				778514FC2E2E6378003924C4 /* Release */,
			);
			defaultConfigurationIsVisible = 0;
			defaultConfigurationName = Release;
		};
/* End XCConfigurationList section */
	};
	rootObject = 778514CB2E2E6375003924C4 /* Project object */;
}
